
Microsoft Visual Studio Solution File, Format Version 12.00
# Visual Studio Version 17
VisualStudioVersion = 17.9.34714.143
MinimumVisualStudioVersion = 10.0.40219.1
Project("{FAE04EC0-301F-11D3-BF4B-00C04F79EFBC}") = "QLNS_LongChau", "QLNS_LongChau.csproj", "{438E4D6F-9256-4B84-B933-7801EB4FEA3D}"
EndProject
Global
	GlobalSection(SolutionConfigurationPlatforms) = preSolution
		Debug|Any CPU = Debug|Any CPU
		Release|Any CPU = Release|Any CPU
	EndGlobalSection
	GlobalSection(ProjectConfigurationPlatforms) = postSolution
		{438E4D6F-9256-4B84-B933-7801EB4FEA3D}.Debug|Any CPU.ActiveCfg = Debug|Any CPU
		{438E4D6F-9256-4B84-B933-7801EB4FEA3D}.Debug|Any CPU.Build.0 = Debug|Any CPU
		{438E4D6F-9256-4B84-B933-7801EB4FEA3D}.Release|Any CPU.ActiveCfg = Release|Any CPU
		{438E4D6F-9256-4B84-B933-7801EB4FEA3D}.Release|Any CPU.Build.0 = Release|Any CPU
	EndGlobalSection
	GlobalSection(SolutionProperties) = preSolution
		HideSolutionNode = FALSE
	EndGlobalSection
	GlobalSection(ExtensibilityGlobals) = postSolution
		SolutionGuid = {D12368B7-FFFB-4713-8EF8-AC452F6067BE}
	EndGlobalSection
EndGlobal
